
Microsoft Visual Studio Solution File, Format Version 12.00
# Visual Studio Version 17
VisualStudioVersion = 17.0.32014.148
MinimumVisualStudioVersion = 10.0.40219.1
Project("{8BC9CEB8-8B4A-11D0-8D11-00A0C91BC942}") = "Ex2", "Ex2.vcxproj", "{B2FBE771-866B-403E-A1D8-CC91855075D0}"
EndProject
Global
	GlobalSection(SolutionConfigurationPlatforms) = preSolution
		Debug|x64 = Debug|x64
		Debug|x86 = Debug|x86
		Release|x64 = Release|x64
		Release|x86 = Release|x86
	EndGlobalSection
	GlobalSection(ProjectConfigurationPlatforms) = postSolution
		{B2FBE771-866B-403E-A1D8-CC91855075D0}.Debug|x64.ActiveCfg = Debug|x64
		{B2FBE771-866B-403E-A1D8-CC91855075D0}.Debug|x64.Build.0 = Debug|x64
		{B2FBE771-866B-403E-A1D8-CC91855075D0}.Debug|x86.ActiveCfg = Debug|Win32
		{B2FBE771-866B-403E-A1D8-CC91855075D0}.Debug|x86.Build.0 = Debug|Win32
		{B2FBE771-866B-403E-A1D8-CC91855075D0}.Release|x64.ActiveCfg = Release|x64
		{B2FBE771-866B-403E-A1D8-CC91855075D0}.Release|x64.Build.0 = Release|x64
		{B2FBE771-866B-403E-A1D8-CC91855075D0}.Release|x86.ActiveCfg = Release|Win32
		{B2FBE771-866B-403E-A1D8-CC91855075D0}.Release|x86.Build.0 = Release|Win32
	EndGlobalSection
	GlobalSection(SolutionProperties) = preSolution
		HideSolutionNode = FALSE
	EndGlobalSection
	GlobalSection(ExtensibilityGlobals) = postSolution
		SolutionGuid = {D56604FA-1182-4F42-88B0-1B93E177610E}
	EndGlobalSection
EndGlobal
